# This file is automatically @generated by Poetry 1.6.1 and should not be changed by hand.

[[package]]
name = "ascii-graph"
version = "1.5.1"
description = "A simple python lib to print data as ascii histograms."
optional = false
python-versions = "*"
files = [
    {file = "ascii_graph-1.5.1.tar.gz", hash = "sha256:c1844fe309cd221f35f19efc58c5c7157941e35172d486d7c824ba5ad1d05f71"},
]

[metadata]
lock-version = "2.0"
python-versions = "^3.10"
content-hash = "765e66a9d3164647196f37b08dbc91f8b25661f4a18340be81a8fcb61e16d353"
